version = 1
revision = 2
requires-python = ">=3.12"

[[package]]
name = "demo1"
version = "0.1.0"
source = { git = "https://github.com/lwmacct/250726-uv-study.git?subdirectory=pyproject%2Fdemo1#0a4051fd34a7335371f345ff94819dd0212b7ad2" }

[[package]]
name = "demo2"
version = "0.1.0"
source = { virtual = "." }
dependencies = [
    { name = "demo1" },
]

[package.metadata]
requires-dist = [{ name = "demo1", git = "https://github.com/lwmacct/250726-uv-study.git?subdirectory=pyproject%2Fdemo1" }]
