version = 1
revision = 2
requires-python = ">=3.12"

[[package]]
name = "master"
version = "0.1.2"
source = { editable = "." }
dependencies = [
    { name = "pkg3" },
]

[package.metadata]
requires-dist = [{ name = "pkg3", git = "https://github.com/lwmacct/250726-uv-study.git?subdirectory=pyproject%2Fpkg3&rev=f482a44" }]

[[package]]
name = "pkg1"
version = "0.1.2"
source = { git = "ssh://git@github.com/lwmacct/250726-uv-study.git?subdirectory=pyproject%2Fpkg1#e24b191d2e429ef2e7045e99bf1f1dc66cd35311" }

[[package]]
name = "pkg2"
version = "0.1.2"
source = { git = "ssh://git@github.com/lwmacct/250726-uv-study.git?subdirectory=pyproject%2Fpkg2#e24b191d2e429ef2e7045e99bf1f1dc66cd35311" }

[[package]]
name = "pkg3"
version = "0.1.2"
source = { git = "https://github.com/lwmacct/250726-uv-study.git?subdirectory=pyproject%2Fpkg3&rev=f482a44#f482a44197b966c25b8b75b4d286ddff45550f50" }
dependencies = [
    { name = "pkg1" },
    { name = "pkg2" },
]
